<?xml version="1.0" encoding="utf-8"?>
<Project ToolsVersion="4.0" xmlns="http://schemas.microsoft.com/developer/msbuild/2003">
  <ItemGroup>
    <Filter Include="public_include">
      <UniqueIdentifier>{b5cb63ce-9361-4802-9688-8a2811a27401}</UniqueIdentifier>
    </Filter>
  </ItemGroup>
  <ItemGroup>
    <ClInclude Include="..\include\GLOV.h">
      <Filter>public_include</Filter>
    </ClInclude>
    <ClInclude Include="vk_mem_alloc.h" />
    <ClInclude Include="..\include\Context.h">
      <Filter>public_include</Filter>
    </ClInclude>
    <ClInclude Include="..\include\ImmediateContext.h">
      <Filter>public_include</Filter>
    </ClInclude>
    <ClInclude Include="..\include\ContextVulkanImpl.h">
      <Filter>public_include</Filter>
    </ClInclude>
  </ItemGroup>
  <ItemGroup>
    <ClCompile Include="GLOV.cpp" />
    <ClCompile Include="ImmediateContext.cpp" />
    <ClCompile Include="ContextVulkanImpl.cpp">
      <Filter>public_include</Filter>
    </ClCompile>
  </ItemGroup>
</Project>